{
  "name": "@wu-framework/cli",
  "version": "0.1.0",
  "lockfileVersion": 3,
  "requires": true,
  "packages": {
    "": {
      "name": "@wu-framework/cli",
      "version": "0.1.0",
      "license": "MIT",
      "bin": {
        "wu": "bin/wu.js"
      },
      "engines": {
        "node": ">=16"
      }
    }
  }
}
